
Microsoft Visual Studio Solution File, Format Version 12.00
# Visual Studio Version 16
VisualStudioVersion = 16.0.30413.136
MinimumVisualStudioVersion = 10.0.40219.1
Project("{FAE04EC0-301F-11D3-BF4B-00C04F79EFBC}") = "calculater", "calculater\calculater.csproj", "{135F0214-FEF6-4883-8F3A-ABCF84E643D1}"
EndProject
Global
	GlobalSection(SolutionConfigurationPlatforms) = preSolution
		Debug|Any CPU = Debug|Any CPU
		Release|Any CPU = Release|Any CPU
	EndGlobalSection
	GlobalSection(ProjectConfigurationPlatforms) = postSolution
		{135F0214-FEF6-4883-8F3A-ABCF84E643D1}.Debug|Any CPU.ActiveCfg = Debug|Any CPU
		{135F0214-FEF6-4883-8F3A-ABCF84E643D1}.Debug|Any CPU.Build.0 = Debug|Any CPU
		{135F0214-FEF6-4883-8F3A-ABCF84E643D1}.Release|Any CPU.ActiveCfg = Release|Any CPU
		{135F0214-FEF6-4883-8F3A-ABCF84E643D1}.Release|Any CPU.Build.0 = Release|Any CPU
	EndGlobalSection
	GlobalSection(SolutionProperties) = preSolution
		HideSolutionNode = FALSE
	EndGlobalSection
	GlobalSection(ExtensibilityGlobals) = postSolution
		SolutionGuid = {52087783-CC2A-49D2-9FB0-741A0DBBD812}
	EndGlobalSection
EndGlobal
